
Microsoft Visual Studio Solution File, Format Version 12.00
# Visual Studio Version 17
VisualStudioVersion = 17.14.36203.30 d17.14
MinimumVisualStudioVersion = 10.0.40219.1
Project("{FAE04EC0-301F-11D3-BF4B-00C04F79EFBC}") = "SudeLoginBackend", "SudeLoginBackend.csproj", "{811C578E-71C1-BADB-7FCC-C273D4EFCDA7}"
EndProject
Global
	GlobalSection(SolutionConfigurationPlatforms) = preSolution
		Debug|Any CPU = Debug|Any CPU
		Release|Any CPU = Release|Any CPU
	EndGlobalSection
	GlobalSection(ProjectConfigurationPlatforms) = postSolution
		{811C578E-71C1-BADB-7FCC-C273D4EFCDA7}.Debug|Any CPU.ActiveCfg = Debug|Any CPU
		{811C578E-71C1-BADB-7FCC-C273D4EFCDA7}.Debug|Any CPU.Build.0 = Debug|Any CPU
		{811C578E-71C1-BADB-7FCC-C273D4EFCDA7}.Release|Any CPU.ActiveCfg = Release|Any CPU
		{811C578E-71C1-BADB-7FCC-C273D4EFCDA7}.Release|Any CPU.Build.0 = Release|Any CPU
	EndGlobalSection
	GlobalSection(SolutionProperties) = preSolution
		HideSolutionNode = FALSE
	EndGlobalSection
	GlobalSection(ExtensibilityGlobals) = postSolution
		SolutionGuid = {07DEC3A7-3D45-4E98-A150-0226FE00B29D}
	EndGlobalSection
EndGlobal
